
Microsoft Visual Studio Solution File, Format Version 12.00
# Visual Studio Version 16
VisualStudioVersion = 16.0.29215.179
MinimumVisualStudioVersion = 10.0.40219.1
Project("{9A19103F-16F7-4668-BE54-9A1E7A4F7556}") = "SAH2.Core", "SAH2.Core\SAH2.Core.csproj", "{F74E4315-4B0A-4B02-8190-346A89330639}"
EndProject
Project("{9A19103F-16F7-4668-BE54-9A1E7A4F7556}") = "SAH2.Utilities", "SAH2.Utilities\SAH2.Utilities.csproj", "{EC512C59-E417-48F9-987D-1DA1D1F3E54A}"
EndProject
Project("{9A19103F-16F7-4668-BE54-9A1E7A4F7556}") = "SAH2.TierArchitecture.Infrastructure", "SAH2.TierArchitecture.Infrastructure\SAH2.TierArchitecture.Infrastructure.csproj", "{D73252AC-CF14-4E34-ABED-1DA8CE793F27}"
EndProject
Project("{9A19103F-16F7-4668-BE54-9A1E7A4F7556}") = "SAH2.XamarinForms", "SAH2.XamarinForms\SAH2.XamarinForms.csproj", "{32EC2F7C-D0BB-4197-9568-32EAE7E18594}"
EndProject
Project("{9A19103F-16F7-4668-BE54-9A1E7A4F7556}") = "SAH2.WPF", "SAH2.WPF\SAH2.WPF.csproj", "{A4AD61B5-0D3D-4D2A-9AA6-A57012DDACA1}"
EndProject
Project("{9A19103F-16F7-4668-BE54-9A1E7A4F7556}") = "SAH2.Web", "SAH2.Web\SAH2.Web.csproj", "{8A68D084-FABA-4AAA-B150-D7B9575F3572}"
EndProject
Project("{9A19103F-16F7-4668-BE54-9A1E7A4F7556}") = "SAH2.Web.MVC", "SAH2.Web.MVC\SAH2.Web.MVC.csproj", "{1BE846D4-602E-4690-BB5C-89F8CB702ABF}"
EndProject
Project("{9A19103F-16F7-4668-BE54-9A1E7A4F7556}") = "SAH2.Web.Mail", "SAH2.Web.Mail\SAH2.Web.Mail.csproj", "{F30336DD-7DB5-4430-9586-8E0016D43BE0}"
EndProject
Project("{9A19103F-16F7-4668-BE54-9A1E7A4F7556}") = "SAH2.Web.MVC.Utilities.EmbeddedResourcePack", "SAH2.Web.MVC.Utilities.EmbeddedResourcePack\SAH2.Web.MVC.Utilities.EmbeddedResourcePack.csproj", "{41AD2816-E4B9-45F6-9998-5D4206EDC8A7}"
EndProject
Global
	GlobalSection(SolutionConfigurationPlatforms) = preSolution
		Debug|Any CPU = Debug|Any CPU
		Release|Any CPU = Release|Any CPU
	EndGlobalSection
	GlobalSection(ProjectConfigurationPlatforms) = postSolution
		{F74E4315-4B0A-4B02-8190-346A89330639}.Debug|Any CPU.ActiveCfg = Debug|Any CPU
		{F74E4315-4B0A-4B02-8190-346A89330639}.Debug|Any CPU.Build.0 = Debug|Any CPU
		{F74E4315-4B0A-4B02-8190-346A89330639}.Release|Any CPU.ActiveCfg = Release|Any CPU
		{F74E4315-4B0A-4B02-8190-346A89330639}.Release|Any CPU.Build.0 = Release|Any CPU
		{EC512C59-E417-48F9-987D-1DA1D1F3E54A}.Debug|Any CPU.ActiveCfg = Debug|Any CPU
		{EC512C59-E417-48F9-987D-1DA1D1F3E54A}.Debug|Any CPU.Build.0 = Debug|Any CPU
		{EC512C59-E417-48F9-987D-1DA1D1F3E54A}.Release|Any CPU.ActiveCfg = Release|Any CPU
		{EC512C59-E417-48F9-987D-1DA1D1F3E54A}.Release|Any CPU.Build.0 = Release|Any CPU
		{D73252AC-CF14-4E34-ABED-1DA8CE793F27}.Debug|Any CPU.ActiveCfg = Debug|Any CPU
		{D73252AC-CF14-4E34-ABED-1DA8CE793F27}.Debug|Any CPU.Build.0 = Debug|Any CPU
		{D73252AC-CF14-4E34-ABED-1DA8CE793F27}.Release|Any CPU.ActiveCfg = Release|Any CPU
		{D73252AC-CF14-4E34-ABED-1DA8CE793F27}.Release|Any CPU.Build.0 = Release|Any CPU
		{32EC2F7C-D0BB-4197-9568-32EAE7E18594}.Debug|Any CPU.ActiveCfg = Debug|Any CPU
		{32EC2F7C-D0BB-4197-9568-32EAE7E18594}.Debug|Any CPU.Build.0 = Debug|Any CPU
		{32EC2F7C-D0BB-4197-9568-32EAE7E18594}.Release|Any CPU.ActiveCfg = Release|Any CPU
		{32EC2F7C-D0BB-4197-9568-32EAE7E18594}.Release|Any CPU.Build.0 = Release|Any CPU
		{A4AD61B5-0D3D-4D2A-9AA6-A57012DDACA1}.Debug|Any CPU.ActiveCfg = Debug|Any CPU
		{A4AD61B5-0D3D-4D2A-9AA6-A57012DDACA1}.Debug|Any CPU.Build.0 = Debug|Any CPU
		{A4AD61B5-0D3D-4D2A-9AA6-A57012DDACA1}.Release|Any CPU.ActiveCfg = Release|Any CPU
		{A4AD61B5-0D3D-4D2A-9AA6-A57012DDACA1}.Release|Any CPU.Build.0 = Release|Any CPU
		{8A68D084-FABA-4AAA-B150-D7B9575F3572}.Debug|Any CPU.ActiveCfg = Debug|Any CPU
		{8A68D084-FABA-4AAA-B150-D7B9575F3572}.Debug|Any CPU.Build.0 = Debug|Any CPU
		{8A68D084-FABA-4AAA-B150-D7B9575F3572}.Release|Any CPU.ActiveCfg = Release|Any CPU
		{8A68D084-FABA-4AAA-B150-D7B9575F3572}.Release|Any CPU.Build.0 = Release|Any CPU
		{1BE846D4-602E-4690-BB5C-89F8CB702ABF}.Debug|Any CPU.ActiveCfg = Debug|Any CPU
		{1BE846D4-602E-4690-BB5C-89F8CB702ABF}.Debug|Any CPU.Build.0 = Debug|Any CPU
		{1BE846D4-602E-4690-BB5C-89F8CB702ABF}.Release|Any CPU.ActiveCfg = Release|Any CPU
		{1BE846D4-602E-4690-BB5C-89F8CB702ABF}.Release|Any CPU.Build.0 = Release|Any CPU
		{F30336DD-7DB5-4430-9586-8E0016D43BE0}.Debug|Any CPU.ActiveCfg = Debug|Any CPU
		{F30336DD-7DB5-4430-9586-8E0016D43BE0}.Debug|Any CPU.Build.0 = Debug|Any CPU
		{F30336DD-7DB5-4430-9586-8E0016D43BE0}.Release|Any CPU.ActiveCfg = Release|Any CPU
		{F30336DD-7DB5-4430-9586-8E0016D43BE0}.Release|Any CPU.Build.0 = Release|Any CPU
		{41AD2816-E4B9-45F6-9998-5D4206EDC8A7}.Debug|Any CPU.ActiveCfg = Debug|Any CPU
		{41AD2816-E4B9-45F6-9998-5D4206EDC8A7}.Debug|Any CPU.Build.0 = Debug|Any CPU
		{41AD2816-E4B9-45F6-9998-5D4206EDC8A7}.Release|Any CPU.ActiveCfg = Release|Any CPU
		{41AD2816-E4B9-45F6-9998-5D4206EDC8A7}.Release|Any CPU.Build.0 = Release|Any CPU
	EndGlobalSection
	GlobalSection(SolutionProperties) = preSolution
		HideSolutionNode = FALSE
	EndGlobalSection
	GlobalSection(ExtensibilityGlobals) = postSolution
		SolutionGuid = {1CEE2887-D953-4774-9227-0E05F420A85E}
	EndGlobalSection
EndGlobal
